
Microsoft Visual Studio Solution File, Format Version 12.00
# Visual Studio Version 17
VisualStudioVersion = 17.2.32516.85
MinimumVisualStudioVersion = 10.0.40219.1
Project("{FAE04EC0-301F-11D3-BF4B-00C04F79EFBC}") = "SongAPI", "SongAPI\SongAPI.csproj", "{195ACE9F-B128-487D-AECB-B0DCC725D97F}"
EndProject
Project("{FAE04EC0-301F-11D3-BF4B-00C04F79EFBC}") = "Data", "Data\Data.csproj", "{91DAA86D-0EDD-4390-B9BA-B8FE4B0C4802}"
EndProject
Global
	GlobalSection(SolutionConfigurationPlatforms) = preSolution
		Debug|Any CPU = Debug|Any CPU
		Release|Any CPU = Release|Any CPU
	EndGlobalSection
	GlobalSection(ProjectConfigurationPlatforms) = postSolution
		{195ACE9F-B128-487D-AECB-B0DCC725D97F}.Debug|Any CPU.ActiveCfg = Debug|Any CPU
		{195ACE9F-B128-487D-AECB-B0DCC725D97F}.Debug|Any CPU.Build.0 = Debug|Any CPU
		{195ACE9F-B128-487D-AECB-B0DCC725D97F}.Release|Any CPU.ActiveCfg = Release|Any CPU
		{195ACE9F-B128-487D-AECB-B0DCC725D97F}.Release|Any CPU.Build.0 = Release|Any CPU
		{91DAA86D-0EDD-4390-B9BA-B8FE4B0C4802}.Debug|Any CPU.ActiveCfg = Debug|Any CPU
		{91DAA86D-0EDD-4390-B9BA-B8FE4B0C4802}.Debug|Any CPU.Build.0 = Debug|Any CPU
		{91DAA86D-0EDD-4390-B9BA-B8FE4B0C4802}.Release|Any CPU.ActiveCfg = Release|Any CPU
		{91DAA86D-0EDD-4390-B9BA-B8FE4B0C4802}.Release|Any CPU.Build.0 = Release|Any CPU
	EndGlobalSection
	GlobalSection(SolutionProperties) = preSolution
		HideSolutionNode = FALSE
	EndGlobalSection
	GlobalSection(ExtensibilityGlobals) = postSolution
		SolutionGuid = {7231198E-DD12-4786-B885-F485B72795D9}
	EndGlobalSection
EndGlobal
